
Microsoft Visual Studio Solution File, Format Version 12.00
# Visual Studio 15
VisualStudioVersion = 15.0.26430.13
MinimumVisualStudioVersion = 10.0.40219.1
Project("{FAE04EC0-301F-11D3-BF4B-00C04F79EFBC}") = "TSPDevTools.Model", "TSPDevTools.Model\TSPDevTools.Model.csproj", "{0795B734-F790-4F7D-B261-8EE595B43DEF}"
EndProject
Project("{FAE04EC0-301F-11D3-BF4B-00C04F79EFBC}") = "TSPDevTool.DAL", "TSPDevTool.DAL\TSPDevTool.DAL.csproj", "{58DC2DE4-5795-4705-9B0B-0AA3C2B67BC1}"
EndProject
Project("{FAE04EC0-301F-11D3-BF4B-00C04F79EFBC}") = "TSPDevTool.BLL", "TSPDevTool.BLL\TSPDevTool.BLL.csproj", "{372F8B18-7D08-4935-A98B-98D0ACFF8132}"
EndProject
Project("{FAE04EC0-301F-11D3-BF4B-00C04F79EFBC}") = "TSPDevTool.UI", "TSPDevTool.UI\TSPDevTool.UI.csproj", "{7CEC41DA-9828-48F6-BF2E-3B61DED3B3D0}"
EndProject
Project("{FAE04EC0-301F-11D3-BF4B-00C04F79EFBC}") = "TSPDevTool.UI.Tests", "TSPDevTool.UI.Tests\TSPDevTool.UI.Tests.csproj", "{F8BADCB5-1AD4-4866-BF26-A057B24238A2}"
EndProject
Global
	GlobalSection(SolutionConfigurationPlatforms) = preSolution
		Debug|Any CPU = Debug|Any CPU
		Release|Any CPU = Release|Any CPU
	EndGlobalSection
	GlobalSection(ProjectConfigurationPlatforms) = postSolution
		{0795B734-F790-4F7D-B261-8EE595B43DEF}.Debug|Any CPU.ActiveCfg = Debug|Any CPU
		{0795B734-F790-4F7D-B261-8EE595B43DEF}.Debug|Any CPU.Build.0 = Debug|Any CPU
		{0795B734-F790-4F7D-B261-8EE595B43DEF}.Release|Any CPU.ActiveCfg = Release|Any CPU
		{0795B734-F790-4F7D-B261-8EE595B43DEF}.Release|Any CPU.Build.0 = Release|Any CPU
		{58DC2DE4-5795-4705-9B0B-0AA3C2B67BC1}.Debug|Any CPU.ActiveCfg = Debug|Any CPU
		{58DC2DE4-5795-4705-9B0B-0AA3C2B67BC1}.Debug|Any CPU.Build.0 = Debug|Any CPU
		{58DC2DE4-5795-4705-9B0B-0AA3C2B67BC1}.Release|Any CPU.ActiveCfg = Release|Any CPU
		{58DC2DE4-5795-4705-9B0B-0AA3C2B67BC1}.Release|Any CPU.Build.0 = Release|Any CPU
		{372F8B18-7D08-4935-A98B-98D0ACFF8132}.Debug|Any CPU.ActiveCfg = Debug|Any CPU
		{372F8B18-7D08-4935-A98B-98D0ACFF8132}.Debug|Any CPU.Build.0 = Debug|Any CPU
		{372F8B18-7D08-4935-A98B-98D0ACFF8132}.Release|Any CPU.ActiveCfg = Release|Any CPU
		{372F8B18-7D08-4935-A98B-98D0ACFF8132}.Release|Any CPU.Build.0 = Release|Any CPU
		{7CEC41DA-9828-48F6-BF2E-3B61DED3B3D0}.Debug|Any CPU.ActiveCfg = Debug|Any CPU
		{7CEC41DA-9828-48F6-BF2E-3B61DED3B3D0}.Debug|Any CPU.Build.0 = Debug|Any CPU
		{7CEC41DA-9828-48F6-BF2E-3B61DED3B3D0}.Release|Any CPU.ActiveCfg = Release|Any CPU
		{7CEC41DA-9828-48F6-BF2E-3B61DED3B3D0}.Release|Any CPU.Build.0 = Release|Any CPU
		{F8BADCB5-1AD4-4866-BF26-A057B24238A2}.Debug|Any CPU.ActiveCfg = Debug|Any CPU
		{F8BADCB5-1AD4-4866-BF26-A057B24238A2}.Debug|Any CPU.Build.0 = Debug|Any CPU
		{F8BADCB5-1AD4-4866-BF26-A057B24238A2}.Release|Any CPU.ActiveCfg = Release|Any CPU
		{F8BADCB5-1AD4-4866-BF26-A057B24238A2}.Release|Any CPU.Build.0 = Release|Any CPU
	EndGlobalSection
	GlobalSection(SolutionProperties) = preSolution
		HideSolutionNode = FALSE
	EndGlobalSection
	GlobalSection(TeamFoundationVersionControl) = preSolution
		SccNumberOfProjects = 6
		SccEnterpriseProvider = {4CA58AB2-18FA-4F8D-95D4-32DDF27D184C}
		SccTeamFoundationServer = https://zodas.visualstudio.com/
		SccLocalPath0 = .
		SccProjectUniqueName1 = TSPDevTools.Model\\TSPDevTools.Model.csproj
		SccProjectName1 = TSPDevTools.Model
		SccLocalPath1 = TSPDevTools.Model
		SccProjectUniqueName2 = TSPDevTool.DAL\\TSPDevTool.DAL.csproj
		SccProjectName2 = TSPDevTool.DAL
		SccLocalPath2 = TSPDevTool.DAL
		SccProjectUniqueName3 = TSPDevTool.BLL\\TSPDevTool.BLL.csproj
		SccProjectName3 = TSPDevTool.BLL
		SccLocalPath3 = TSPDevTool.BLL
		SccProjectUniqueName4 = TSPDevTool.UI\\TSPDevTool.UI.csproj
		SccProjectName4 = TSPDevTool.UI
		SccLocalPath4 = TSPDevTool.UI
		SccProjectUniqueName5 = TSPDevTool.UI.Tests\\TSPDevTool.UI.Tests.csproj
		SccProjectName5 = TSPDevTool.UI.Tests
		SccLocalPath5 = TSPDevTool.UI.Tests
	EndGlobalSection
EndGlobal
